
Microsoft Visual Studio Solution File, Format Version 12.00
# Visual Studio Version 17
VisualStudioVersion = 17.5.33627.172
MinimumVisualStudioVersion = 10.0.40219.1
Project("{9A19103F-16F7-4668-BE54-9A1E7A4F7556}") = "PracticalProj_04", "MVCProject\PracticalProj_04.csproj", "{A0270434-09B7-4E13-9C24-973EEC1780D8}"
EndProject
Project("{9A19103F-16F7-4668-BE54-9A1E7A4F7556}") = "Test", "Test\Test.csproj", "{FD5226D3-78FB-4881-BFC2-0C9E8FBFC14F}"
EndProject
Global
	GlobalSection(SolutionConfigurationPlatforms) = preSolution
		Debug|Any CPU = Debug|Any CPU
		Release|Any CPU = Release|Any CPU
	EndGlobalSection
	GlobalSection(ProjectConfigurationPlatforms) = postSolution
		{A0270434-09B7-4E13-9C24-973EEC1780D8}.Debug|Any CPU.ActiveCfg = Debug|Any CPU
		{A0270434-09B7-4E13-9C24-973EEC1780D8}.Debug|Any CPU.Build.0 = Debug|Any CPU
		{A0270434-09B7-4E13-9C24-973EEC1780D8}.Release|Any CPU.ActiveCfg = Release|Any CPU
		{A0270434-09B7-4E13-9C24-973EEC1780D8}.Release|Any CPU.Build.0 = Release|Any CPU
		{FD5226D3-78FB-4881-BFC2-0C9E8FBFC14F}.Debug|Any CPU.ActiveCfg = Debug|Any CPU
		{FD5226D3-78FB-4881-BFC2-0C9E8FBFC14F}.Debug|Any CPU.Build.0 = Debug|Any CPU
		{FD5226D3-78FB-4881-BFC2-0C9E8FBFC14F}.Release|Any CPU.ActiveCfg = Release|Any CPU
		{FD5226D3-78FB-4881-BFC2-0C9E8FBFC14F}.Release|Any CPU.Build.0 = Release|Any CPU
	EndGlobalSection
	GlobalSection(SolutionProperties) = preSolution
		HideSolutionNode = FALSE
	EndGlobalSection
	GlobalSection(ExtensibilityGlobals) = postSolution
		SolutionGuid = {C0696442-2E20-4800-B76E-51E253F75B9A}
	EndGlobalSection
EndGlobal
